// !$*UTF8*$!
{
	archiveVersion = 1;
	classes = {
	};
	objectVersion = 48;
	objects = {

/* Begin PBXBuildFile section */
		FDBFE1E62075F84E005811FC /* AppDelegate.swift in Sources */ = {isa = PBXBuildFile; fileRef = FDBFE1E52075F84E005811FC /* AppDelegate.swift */; };
		FDBFE1E82075F84E005811FC /* ViewController.swift in Sources */ = {isa = PBXBuildFile; fileRef = FDBFE1E72075F84E005811FC /* ViewController.swift */; };
		FDBFE1EB2075F84E005811FC /* Main.storyboard in Resources */ = {isa = PBXBuildFile; fileRef = FDBFE1E92075F84E005811FC /* Main.storyboard */; };
		FDBFE1ED2075F84E005811FC /* Assets.xcassets in Resources */ = {isa = PBXBuildFile; fileRef = FDBFE1EC2075F84E005811FC /* Assets.xcassets */; };
		FDBFE1F02075F84E005811FC /* LaunchScreen.storyboard in Resources */ = {isa = PBXBuildFile; fileRef = FDBFE1EE2075F84E005811FC /* LaunchScreen.storyboard */; };
		FDBFE1FD2075F864005811FC /* frame1.png in Resources */ = {isa = PBXBuildFile; fileRef = FDBFE1F82075F864005811FC /* frame1.png */; };
		FDBFE1FE2075F864005811FC /* frame4.png in Resources */ = {isa = PBXBuildFile; fileRef = FDBFE1F92075F864005811FC /* frame4.png */; };
		FDBFE1FF2075F864005811FC /* frame5.png in Resources */ = {isa = PBXBuildFile; fileRef = FDBFE1FA2075F864005811FC /* frame5.png */; };
		FDBFE2002075F864005811FC /* frame2.png in Resources */ = {isa = PBXBuildFile; fileRef = FDBFE1FB2075F864005811FC /* frame2.png */; };
		FDBFE2012075F864005811FC /* frame3.png in Resources */ = {isa = PBXBuildFile; fileRef = FDBFE1FC2075F864005811FC /* frame3.png */; };
/* End PBXBuildFile section */

/* Begin PBXFileReference section */
		FDBFE1E22075F84E005811FC /* Animation Timer One Button.app */ = {isa = PBXFileReference; explicitFileType = wrapper.application; includeInIndex = 0; path = "Animation Timer One Button.app"; sourceTree = BUILT_PRODUCTS_DIR; };
		FDBFE1E52075F84E005811FC /* AppDelegate.swift */ = {isa = PBXFileReference; lastKnownFileType = sourcecode.swift; path = AppDelegate.swift; sourceTree = "<group>"; };
		FDBFE1E72075F84E005811FC /* ViewController.swift */ = {isa = PBXFileReference; lastKnownFileType = sourcecode.swift; path = ViewController.swift; sourceTree = "<group>"; };
		FDBFE1EA2075F84E005811FC /* Base */ = {isa = PBXFileReference; lastKnownFileType = file.storyboard; name = Base; path = Base.lproj/Main.storyboard; sourceTree = "<group>"; };
		FDBFE1EC2075F84E005811FC /* Assets.xcassets */ = {isa = PBXFileReference; lastKnownFileType = folder.assetcatalog; path = Assets.xcassets; sourceTree = "<group>"; };
		FDBFE1EF2075F84E005811FC /* Base */ = {isa = PBXFileReference; lastKnownFileType = file.storyboard; name = Base; path = Base.lproj/LaunchScreen.storyboard; sourceTree = "<group>"; };
		FDBFE1F12075F84E005811FC /* Info.plist */ = {isa = PBXFileReference; lastKnownFileType = text.plist.xml; path = Info.plist; sourceTree = "<group>"; };
		FDBFE1F82075F864005811FC /* frame1.png */ = {isa = PBXFileReference; lastKnownFileType = image.png; path = frame1.png; sourceTree = "<group>"; };
		FDBFE1F92075F864005811FC /* frame4.png */ = {isa = PBXFileReference; lastKnownFileType = image.png; path = frame4.png; sourceTree = "<group>"; };
		FDBFE1FA2075F864005811FC /* frame5.png */ = {isa = PBXFileReference; lastKnownFileType = image.png; path = frame5.png; sourceTree = "<group>"; };
		FDBFE1FB2075F864005811FC /* frame2.png */ = {isa = PBXFileReference; lastKnownFileType = image.png; path = frame2.png; sourceTree = "<group>"; };
		FDBFE1FC2075F864005811FC /* frame3.png */ = {isa = PBXFileReference; lastKnownFileType = image.png; path = frame3.png; sourceTree = "<group>"; };
/* End PBXFileReference section */

/* Begin PBXFrameworksBuildPhase section */
		FDBFE1DF2075F84E005811FC /* Frameworks */ = {
			isa = PBXFrameworksBuildPhase;
			buildActionMask = 2147483647;
			files = (
			);
			runOnlyForDeploymentPostprocessing = 0;
		};
/* End PBXFrameworksBuildPhase section */

/* Begin PBXGroup section */
		FDBFE1D92075F84E005811FC = {
			isa = PBXGroup;
			children = (
				FDBFE1E42075F84E005811FC /* Animation Timer One Button */,
				FDBFE1E32075F84E005811FC /* Products */,
			);
			sourceTree = "<group>";
		};
		FDBFE1E32075F84E005811FC /* Products */ = {
			isa = PBXGroup;
			children = (
				FDBFE1E22075F84E005811FC /* Animation Timer One Button.app */,
			);
			name = Products;
			sourceTree = "<group>";
		};
		FDBFE1E42075F84E005811FC /* Animation Timer One Button */ = {
			isa = PBXGroup;
			children = (
				FDBFE1F72075F858005811FC /* images */,
				FDBFE1E52075F84E005811FC /* AppDelegate.swift */,
				FDBFE1E72075F84E005811FC /* ViewController.swift */,
				FDBFE1E92075F84E005811FC /* Main.storyboard */,
				FDBFE1EC2075F84E005811FC /* Assets.xcassets */,
				FDBFE1EE2075F84E005811FC /* LaunchScreen.storyboard */,
				FDBFE1F12075F84E005811FC /* Info.plist */,
			);
			path = "Animation Timer One Button";
			sourceTree = "<group>";
		};
		FDBFE1F72075F858005811FC /* images */ = {
			isa = PBXGroup;
			children = (
				FDBFE1F82075F864005811FC /* frame1.png */,
				FDBFE1FB2075F864005811FC /* frame2.png */,
				FDBFE1FC2075F864005811FC /* frame3.png */,
				FDBFE1F92075F864005811FC /* frame4.png */,
				FDBFE1FA2075F864005811FC /* frame5.png */,
			);
			path = images;
			sourceTree = "<group>";
		};
/* End PBXGroup section */

/* Begin PBXNativeTarget section */
		FDBFE1E12075F84E005811FC /* Animation Timer One Button */ = {
			isa = PBXNativeTarget;
			buildConfigurationList = FDBFE1F42075F84E005811FC /* Build configuration list for PBXNativeTarget "Animation Timer One Button" */;
			buildPhases = (
				FDBFE1DE2075F84E005811FC /* Sources */,
				FDBFE1DF2075F84E005811FC /* Frameworks */,
				FDBFE1E02075F84E005811FC /* Resources */,
			);
			buildRules = (
			);
			dependencies = (
			);
			name = "Animation Timer One Button";
			productName = "Animation Timer One Button";
			productReference = FDBFE1E22075F84E005811FC /* Animation Timer One Button.app */;
			productType = "com.apple.product-type.application";
		};
/* End PBXNativeTarget section */

/* Begin PBXProject section */
		FDBFE1DA2075F84E005811FC /* Project object */ = {
			isa = PBXProject;
			attributes = {
				LastSwiftUpdateCheck = 0920;
				LastUpgradeCheck = 0920;
				ORGANIZATIONNAME = D7703_23;
				TargetAttributes = {
					FDBFE1E12075F84E005811FC = {
						CreatedOnToolsVersion = 9.2;
						ProvisioningStyle = Automatic;
					};
				};
			};
			buildConfigurationList = FDBFE1DD2075F84E005811FC /* Build configuration list for PBXProject "Animation Timer One Button" */;
			compatibilityVersion = "Xcode 8.0";
			developmentRegion = en;
			hasScannedForEncodings = 0;
			knownRegions = (
				en,
				Base,
			);
			mainGroup = FDBFE1D92075F84E005811FC;
			productRefGroup = FDBFE1E32075F84E005811FC /* Products */;
			projectDirPath = "";
			projectRoot = "";
			targets = (
				FDBFE1E12075F84E005811FC /* Animation Timer One Button */,
			);
		};
/* End PBXProject section */

/* Begin PBXResourcesBuildPhase section */
		FDBFE1E02075F84E005811FC /* Resources */ = {
			isa = PBXResourcesBuildPhase;
			buildActionMask = 2147483647;
			files = (
				FDBFE1FE2075F864005811FC /* frame4.png in Resources */,
				FDBFE1F02075F84E005811FC /* LaunchScreen.storyboard in Resources */,
				FDBFE1FD2075F864005811FC /* frame1.png in Resources */,
				FDBFE2012075F864005811FC /* frame3.png in Resources */,
				FDBFE1ED2075F84E005811FC /* Assets.xcassets in Resources */,
				FDBFE2002075F864005811FC /* frame2.png in Resources */,
				FDBFE1EB2075F84E005811FC /* Main.storyboard in Resources */,
				FDBFE1FF2075F864005811FC /* frame5.png in Resources */,
			);
			runOnlyForDeploymentPostprocessing = 0;
		};
/* End PBXResourcesBuildPhase section */

/* Begin PBXSourcesBuildPhase section */
		FDBFE1DE2075F84E005811FC /* Sources */ = {
			isa = PBXSourcesBuildPhase;
			buildActionMask = 2147483647;
			files = (
				FDBFE1E82075F84E005811FC /* ViewController.swift in Sources */,
				FDBFE1E62075F84E005811FC /* AppDelegate.swift in Sources */,
			);
			runOnlyForDeploymentPostprocessing = 0;
		};
/* End PBXSourcesBuildPhase section */

/* Begin PBXVariantGroup section */
		FDBFE1E92075F84E005811FC /* Main.storyboard */ = {
			isa = PBXVariantGroup;
			children = (
				FDBFE1EA2075F84E005811FC /* Base */,
			);
			name = Main.storyboard;
			sourceTree = "<group>";
		};
		FDBFE1EE2075F84E005811FC /* LaunchScreen.storyboard */ = {
			isa = PBXVariantGroup;
			children = (
				FDBFE1EF2075F84E005811FC /* Base */,
			);
			name = LaunchScreen.storyboard;
			sourceTree = "<group>";
		};
/* End PBXVariantGroup section */

/* Begin XCBuildConfiguration section */
		FDBFE1F22075F84E005811FC /* Debug */ = {
			isa = XCBuildConfiguration;
			buildSettings = {
				ALWAYS_SEARCH_USER_PATHS = NO;
				CLANG_ANALYZER_NONNULL = YES;
				CLANG_ANALYZER_NUMBER_OBJECT_CONVERSION = YES_AGGRESSIVE;
				CLANG_CXX_LANGUAGE_STANDARD = "gnu++14";
				CLANG_CXX_LIBRARY = "libc++";
				CLANG_ENABLE_MODULES = YES;
				CLANG_ENABLE_OBJC_ARC = YES;
				CLANG_WARN_BLOCK_CAPTURE_AUTORELEASING = YES;
				CLANG_WARN_BOOL_CONVERSION = YES;
				CLANG_WARN_COMMA = YES;
				CLANG_WARN_CONSTANT_CONVERSION = YES;
				CLANG_WARN_DIRECT_OBJC_ISA_USAGE = YES_ERROR;
				CLANG_WARN_DOCUMENTATION_COMMENTS = YES;
				CLANG_WARN_EMPTY_BODY = YES;
				CLANG_WARN_ENUM_CONVERSION = YES;
				CLANG_WARN_INFINITE_RECURSION = YES;
				CLANG_WARN_INT_CONVERSION = YES;
				CLANG_WARN_NON_LITERAL_NULL_CONVERSION = YES;
				CLANG_WARN_OBJC_LITERAL_CONVERSION = YES;
				CLANG_WARN_OBJC_ROOT_CLASS = YES_ERROR;
				CLANG_WARN_RANGE_LOOP_ANALYSIS = YES;
				CLANG_WARN_STRICT_PROTOTYPES = YES;
				CLANG_WARN_SUSPICIOUS_MOVE = YES;
				CLANG_WARN_UNGUARDED_AVAILABILITY = YES_AGGRESSIVE;
				CLANG_WARN_UNREACHABLE_CODE = YES;
				CLANG_WARN__DUPLICATE_METHOD_MATCH = YES;
				CODE_SIGN_IDENTITY = "iPhone Developer";
				COPY_PHASE_STRIP = NO;
				DEBUG_INFORMATION_FORMAT = dwarf;
				ENABLE_STRICT_OBJC_MSGSEND = YES;
				ENABLE_TESTABILITY = YES;
				GCC_C_LANGUAGE_STANDARD = gnu11;
				GCC_DYNAMIC_NO_PIC = NO;
				GCC_NO_COMMON_BLOCKS = YES;
				GCC_OPTIMIZATION_LEVEL = 0;
				GCC_PREPROCESSOR_DEFINITIONS = (
					"DEBUG=1",
					"$(inherited)",
				);
				GCC_WARN_64_TO_32_BIT_CONVERSION = YES;
				GCC_WARN_ABOUT_RETURN_TYPE = YES_ERROR;
				GCC_WARN_UNDECLARED_SELECTOR = YES;
				GCC_WARN_UNINITIALIZED_AUTOS = YES_AGGRESSIVE;
				GCC_WARN_UNUSED_FUNCTION = YES;
				GCC_WARN_UNUSED_VARIABLE = YES;
				IPHONEOS_DEPLOYMENT_TARGET = 11.2;
				MTL_ENABLE_DEBUG_INFO = YES;
				ONLY_ACTIVE_ARCH = YES;
				SDKROOT = iphoneos;
				SWIFT_ACTIVE_COMPILATION_CONDITIONS = DEBUG;
				SWIFT_OPTIMIZATION_LEVEL = "-Onone";
			};
			name = Debug;
		};
		FDBFE1F32075F84E005811FC /* Release */ = {
			isa = XCBuildConfiguration;
			buildSettings = {
				ALWAYS_SEARCH_USER_PATHS = NO;
				CLANG_ANALYZER_NONNULL = YES;
				CLANG_ANALYZER_NUMBER_OBJECT_CONVERSION = YES_AGGRESSIVE;
				CLANG_CXX_LANGUAGE_STANDARD = "gnu++14";
				CLANG_CXX_LIBRARY = "libc++";
				CLANG_ENABLE_MODULES = YES;
				CLANG_ENABLE_OBJC_ARC = YES;
				CLANG_WARN_BLOCK_CAPTURE_AUTORELEASING = YES;
				CLANG_WARN_BOOL_CONVERSION = YES;
				CLANG_WARN_COMMA = YES;
				CLANG_WARN_CONSTANT_CONVERSION = YES;
				CLANG_WARN_DIRECT_OBJC_ISA_USAGE = YES_ERROR;
				CLANG_WARN_DOCUMENTATION_COMMENTS = YES;
				CLANG_WARN_EMPTY_BODY = YES;
				CLANG_WARN_ENUM_CONVERSION = YES;
				CLANG_WARN_INFINITE_RECURSION = YES;
				CLANG_WARN_INT_CONVERSION = YES;
				CLANG_WARN_NON_LITERAL_NULL_CONVERSION = YES;
				CLANG_WARN_OBJC_LITERAL_CONVERSION = YES;
				CLANG_WARN_OBJC_ROOT_CLASS = YES_ERROR;
				CLANG_WARN_RANGE_LOOP_ANALYSIS = YES;
				CLANG_WARN_STRICT_PROTOTYPES = YES;
				CLANG_WARN_SUSPICIOUS_MOVE = YES;
				CLANG_WARN_UNGUARDED_AVAILABILITY = YES_AGGRESSIVE;
				CLANG_WARN_UNREACHABLE_CODE = YES;
				CLANG_WARN__DUPLICATE_METHOD_MATCH = YES;
				CODE_SIGN_IDENTITY = "iPhone Developer";
				COPY_PHASE_STRIP = NO;
				DEBUG_INFORMATION_FORMAT = "dwarf-with-dsym";
				ENABLE_NS_ASSERTIONS = NO;
				ENABLE_STRICT_OBJC_MSGSEND = YES;
				GCC_C_LANGUAGE_STANDARD = gnu11;
				GCC_NO_COMMON_BLOCKS = YES;
				GCC_WARN_64_TO_32_BIT_CONVERSION = YES;
				GCC_WARN_ABOUT_RETURN_TYPE = YES_ERROR;
				GCC_WARN_UNDECLARED_SELECTOR = YES;
				GCC_WARN_UNINITIALIZED_AUTOS = YES_AGGRESSIVE;
				GCC_WARN_UNUSED_FUNCTION = YES;
				GCC_WARN_UNUSED_VARIABLE = YES;
				IPHONEOS_DEPLOYMENT_TARGET = 11.2;
				MTL_ENABLE_DEBUG_INFO = NO;
				SDKROOT = iphoneos;
				SWIFT_OPTIMIZATION_LEVEL = "-Owholemodule";
				VALIDATE_PRODUCT = YES;
			};
			name = Release;
		};
		FDBFE1F52075F84E005811FC /* Debug */ = {
			isa = XCBuildConfiguration;
			buildSettings = {
				ASSETCATALOG_COMPILER_APPICON_NAME = AppIcon;
				CODE_SIGN_STYLE = Automatic;
				INFOPLIST_FILE = "Animation Timer One Button/Info.plist";
				LD_RUNPATH_SEARCH_PATHS = "$(inherited) @executable_path/Frameworks";
				PRODUCT_BUNDLE_IDENTIFIER = "dit.ac.kr.Animation-Timer-One-Button";
				PRODUCT_NAME = "$(TARGET_NAME)";
				SWIFT_VERSION = 4.0;
				TARGETED_DEVICE_FAMILY = "1,2";
			};
			name = Debug;
		};
		FDBFE1F62075F84E005811FC /* Release */ = {
			isa = XCBuildConfiguration;
			buildSettings = {
				ASSETCATALOG_COMPILER_APPICON_NAME = AppIcon;
				CODE_SIGN_STYLE = Automatic;
				INFOPLIST_FILE = "Animation Timer One Button/Info.plist";
				LD_RUNPATH_SEARCH_PATHS = "$(inherited) @executable_path/Frameworks";
				PRODUCT_BUNDLE_IDENTIFIER = "dit.ac.kr.Animation-Timer-One-Button";
				PRODUCT_NAME = "$(TARGET_NAME)";
				SWIFT_VERSION = 4.0;
				TARGETED_DEVICE_FAMILY = "1,2";
			};
			name = Release;
		};
/* End XCBuildConfiguration section */

/* Begin XCConfigurationList section */
		FDBFE1DD2075F84E005811FC /* Build configuration list for PBXProject "Animation Timer One Button" */ = {
			isa = XCConfigurationList;
			buildConfigurations = (
				FDBFE1F22075F84E005811FC /* Debug */,
				FDBFE1F32075F84E005811FC /* Release */,
			);
			defaultConfigurationIsVisible = 0;
			defaultConfigurationName = Release;
		};
		FDBFE1F42075F84E005811FC /* Build configuration list for PBXNativeTarget "Animation Timer One Button" */ = {
			isa = XCConfigurationList;
			buildConfigurations = (
				FDBFE1F52075F84E005811FC /* Debug */,
				FDBFE1F62075F84E005811FC /* Release */,
			);
			defaultConfigurationIsVisible = 0;
			defaultConfigurationName = Release;
		};
/* End XCConfigurationList section */
	};
	rootObject = FDBFE1DA2075F84E005811FC /* Project object */;
}
